<?xml version="1.0" encoding="utf-8"?>
<Project ToolsVersion="4.0" xmlns="http://schemas.microsoft.com/developer/msbuild/2003">
  <ItemGroup>
    <Filter Include="Source Files">
      <UniqueIdentifier>{4FC737F1-C7A5-4376-A066-2A32D752A2FF}</UniqueIdentifier>
      <Extensions>cpp;c;cc;cxx;def;odl;idl;hpj;bat;asm;asmx</Extensions>
    </Filter>
    <Filter Include="Header Files">
      <UniqueIdentifier>{93995380-89BD-4b04-88EB-625FBE52EBFB}</UniqueIdentifier>
      <Extensions>h;hh;hpp;hxx;hm;inl;inc;xsd</Extensions>
    </Filter>
    <Filter Include="Resource Files">
      <UniqueIdentifier>{67DA6AB6-F800-4c08-8B7A-83BB121AAD01}</UniqueIdentifier>
      <Extensions>rc;ico;cur;bmp;dlg;rc2;rct;bin;rgs;gif;jpg;jpeg;jpe;resx;tiff;tif;png;wav;mfcribbon-ms</Extensions>
    </Filter>
  </ItemGroup>
  <ItemGroup>
    <ClCompile Include="Example02.cpp">
      <Filter>Source Files</Filter>
    </ClCompile>
    <ClCompile Include="Example01.cpp">
      <Filter>Source Files</Filter>
    </ClCompile>
    <ClCompile Include="Example03.cpp">
      <Filter>Source Files</Filter>
    </ClCompile>
    <ClCompile Include="Example04.cpp">
      <Filter>Source Files</Filter>
    </ClCompile>
    <ClCompile Include="Example05.cpp">
      <Filter>Source Files</Filter>
    </ClCompile>
    <ClCompile Include="Example06.cpp">
      <Filter>Source Files</Filter>
    </ClCompile>
    <ClCompile Include="Example07.cpp">
      <Filter>Source Files</Filter>
    </ClCompile>
    <ClCompile Include="Example08.cpp">
      <Filter>Source Files</Filter>
    </ClCompile>
    <ClCompile Include="Example09.cpp">
      <Filter>Source Files</Filter>
    </ClCompile>
    <ClCompile Include="Example10.cpp">
      <Filter>Source Files</Filter>
    </ClCompile>
    <ClCompile Include="Example11.cpp">
      <Filter>Source Files</Filter>
    </ClCompile>
    <ClCompile Include="Example12.cpp">
      <Filter>Source Files</Filter>
    </ClCompile>
    <ClCompile Include="Example13.cpp">
      <Filter>Source Files</Filter>
    </ClCompile>
    <ClCompile Include="Example14.cpp">
      <Filter>Source Files</Filter>
    </ClCompile>
    <ClCompile Include="Example15.cpp">
      <Filter>Source Files</Filter>
    </ClCompile>
    <ClCompile Include="Example16.cpp">
      <Filter>Source Files</Filter>
    </ClCompile>
    <ClCompile Include="Example17.cpp">
      <Filter>Source Files</Filter>
    </ClCompile>
    <ClCompile Include="Example18.cpp">
      <Filter>Source Files</Filter>
    </ClCompile>
    <ClCompile Include="Example19.cpp">
      <Filter>Source Files</Filter>
    </ClCompile>
    <ClCompile Include="Example20.cpp">
      <Filter>Source Files</Filter>
    </ClCompile>
    <ClCompile Include="Example21.cpp">
      <Filter>Source Files</Filter>
    </ClCompile>
    <ClCompile Include="Example22.cpp">
      <Filter>Source Files</Filter>
    </ClCompile>
    <ClCompile Include="Example23.cpp">
      <Filter>Source Files</Filter>
    </ClCompile>
    <ClCompile Include="Example24.cpp">
      <Filter>Source Files</Filter>
    </ClCompile>
    <ClCompile Include="Example25.cpp">
      <Filter>Source Files</Filter>
    </ClCompile>
    <ClCompile Include="Example26.cpp">
      <Filter>Source Files</Filter>
    </ClCompile>
    <ClCompile Include="Example27.cpp">
      <Filter>Source Files</Filter>
    </ClCompile>
    <ClCompile Include="Example28.cpp">
      <Filter>Source Files</Filter>
    </ClCompile>
    <ClCompile Include="Example29.cpp">
      <Filter>Source Files</Filter>
    </ClCompile>
    <ClCompile Include="Example30.cpp">
      <Filter>Source Files</Filter>
    </ClCompile>
    <ClCompile Include="Example31.cpp">
      <Filter>Source Files</Filter>
    </ClCompile>
    <ClCompile Include="Example32.cpp">
      <Filter>Source Files</Filter>
    </ClCompile>
    <ClCompile Include="Example33.cpp">
      <Filter>Source Files</Filter>
    </ClCompile>
    <ClCompile Include="Example34.cpp">
      <Filter>Source Files</Filter>
    </ClCompile>
    <ClCompile Include="Example35.cpp">
      <Filter>Source Files</Filter>
    </ClCompile>
    <ClCompile Include="Example36.cpp">
      <Filter>Source Files</Filter>
    </ClCompile>
    <ClCompile Include="Example37.cpp">
      <Filter>Source Files</Filter>
    </ClCompile>
    <ClCompile Include="Example38.cpp">
      <Filter>Source Files</Filter>
    </ClCompile>
    <ClCompile Include="Example39.cpp">
      <Filter>Source Files</Filter>
    </ClCompile>
    <ClCompile Include="Example40.cpp">
      <Filter>Source Files</Filter>
    </ClCompile>
    <ClCompile Include="Example41.cpp">
      <Filter>Source Files</Filter>
    </ClCompile>
    <ClCompile Include="Example42.cpp">
      <Filter>Source Files</Filter>
    </ClCompile>
    <ClCompile Include="Example43.cpp">
      <Filter>Source Files</Filter>
    </ClCompile>
    <ClCompile Include="Example44.cpp">
      <Filter>Source Files</Filter>
    </ClCompile>
    <ClCompile Include="Example45.cpp">
      <Filter>Source Files</Filter>
    </ClCompile>
    <ClCompile Include="Example46.cpp">
      <Filter>Source Files</Filter>
    </ClCompile>
    <ClCompile Include="Example47.cpp">
      <Filter>Source Files</Filter>
    </ClCompile>
    <ClCompile Include="Example48.cpp">
      <Filter>Source Files</Filter>
    </ClCompile>
    <ClCompile Include="Example49.cpp">
      <Filter>Source Files</Filter>
    </ClCompile>
    <ClCompile Include="Example50.cpp">
      <Filter>Source Files</Filter>
    </ClCompile>
    <ClCompile Include="Example51.cpp">
      <Filter>Source Files</Filter>
    </ClCompile>
    <ClCompile Include="Darr.cpp">
      <Filter>Header Files</Filter>
    </ClCompile>
    <ClCompile Include="Example52.cpp">
      <Filter>Source Files</Filter>
    </ClCompile>
    <ClCompile Include="Person.cpp">
      <Filter>Source Files</Filter>
    </ClCompile>
    <ClCompile Include="Example53.cpp">
      <Filter>Source Files</Filter>
    </ClCompile>
    <ClCompile Include="Example54.cpp">
      <Filter>Source Files</Filter>
    </ClCompile>
    <ClCompile Include="Example55.cpp">
      <Filter>Source Files</Filter>
    </ClCompile>
    <ClCompile Include="Example56.cpp">
      <Filter>Source Files</Filter>
    </ClCompile>
    <ClCompile Include="Example57.cpp">
      <Filter>Source Files</Filter>
    </ClCompile>
    <ClCompile Include="Example58.cpp">
      <Filter>Source Files</Filter>
    </ClCompile>
    <ClCompile Include="Example59.cpp">
      <Filter>Source Files</Filter>
    </ClCompile>
    <ClCompile Include="Example60.cpp">
      <Filter>Source Files</Filter>
    </ClCompile>
    <ClCompile Include="Example61-63.cpp">
      <Filter>Source Files</Filter>
    </ClCompile>
  </ItemGroup>
  <ItemGroup>
    <ClInclude Include="Darr.h">
      <Filter>Header Files</Filter>
    </ClInclude>
    <ClInclude Include="Person.h">
      <Filter>Header Files</Filter>
    </ClInclude>
  </ItemGroup>
</Project>